// !$*UTF8*$!
{
	archiveVersion = 1;
	classes = {
	};
	objectVersion = 56;
	objects = {

/* Begin PBXBuildFile section */
		6F88CA6D29C0989900AE5642 /* AppDelegate.swift in Sources */ = {isa = PBXBuildFile; fileRef = 6F88CA6C29C0989900AE5642 /* AppDelegate.swift */; };
		6F88CA6F29C0989900AE5642 /* SceneDelegate.swift in Sources */ = {isa = PBXBuildFile; fileRef = 6F88CA6E29C0989900AE5642 /* SceneDelegate.swift */; };
		6F88CA7129C0989900AE5642 /* ViewController.swift in Sources */ = {isa = PBXBuildFile; fileRef = 6F88CA7029C0989900AE5642 /* ViewController.swift */; };
		6F88CA7429C0989900AE5642 /* Main.storyboard in Resources */ = {isa = PBXBuildFile; fileRef = 6F88CA7229C0989900AE5642 /* Main.storyboard */; };
		6F88CA7629C0989B00AE5642 /* Assets.xcassets in Resources */ = {isa = PBXBuildFile; fileRef = 6F88CA7529C0989B00AE5642 /* Assets.xcassets */; };
		6F88CA7929C0989B00AE5642 /* LaunchScreen.storyboard in Resources */ = {isa = PBXBuildFile; fileRef = 6F88CA7729C0989B00AE5642 /* LaunchScreen.storyboard */; };
		6F88CA8129C09ECE00AE5642 /* CryptoTableViewCell.swift in Sources */ = {isa = PBXBuildFile; fileRef = 6F88CA8029C09ECE00AE5642 /* CryptoTableViewCell.swift */; };
		6F88CA8729C0B2D700AE5642 /* CryptoCurrency.swift in Sources */ = {isa = PBXBuildFile; fileRef = 6F88CA8629C0B2D700AE5642 /* CryptoCurrency.swift */; };
		6F88CA8929C0BBD700AE5642 /* WebService.swift in Sources */ = {isa = PBXBuildFile; fileRef = 6F88CA8829C0BBD700AE5642 /* WebService.swift */; };
		6F88CA8B29C0BF4F00AE5642 /* CryptoViewModel.swift in Sources */ = {isa = PBXBuildFile; fileRef = 6F88CA8A29C0BF4F00AE5642 /* CryptoViewModel.swift */; };
/* End PBXBuildFile section */

/* Begin PBXFileReference section */
		6F88CA6929C0989900AE5642 /* CryptoCrazy.app */ = {isa = PBXFileReference; explicitFileType = wrapper.application; includeInIndex = 0; path = CryptoCrazy.app; sourceTree = BUILT_PRODUCTS_DIR; };
		6F88CA6C29C0989900AE5642 /* AppDelegate.swift */ = {isa = PBXFileReference; lastKnownFileType = sourcecode.swift; path = AppDelegate.swift; sourceTree = "<group>"; };
		6F88CA6E29C0989900AE5642 /* SceneDelegate.swift */ = {isa = PBXFileReference; lastKnownFileType = sourcecode.swift; path = SceneDelegate.swift; sourceTree = "<group>"; };
		6F88CA7029C0989900AE5642 /* ViewController.swift */ = {isa = PBXFileReference; lastKnownFileType = sourcecode.swift; path = ViewController.swift; sourceTree = "<group>"; };
		6F88CA7329C0989900AE5642 /* Base */ = {isa = PBXFileReference; lastKnownFileType = file.storyboard; name = Base; path = Base.lproj/Main.storyboard; sourceTree = "<group>"; };
		6F88CA7529C0989B00AE5642 /* Assets.xcassets */ = {isa = PBXFileReference; lastKnownFileType = folder.assetcatalog; path = Assets.xcassets; sourceTree = "<group>"; };
		6F88CA7829C0989B00AE5642 /* Base */ = {isa = PBXFileReference; lastKnownFileType = file.storyboard; name = Base; path = Base.lproj/LaunchScreen.storyboard; sourceTree = "<group>"; };
		6F88CA7A29C0989B00AE5642 /* Info.plist */ = {isa = PBXFileReference; lastKnownFileType = text.plist.xml; path = Info.plist; sourceTree = "<group>"; };
		6F88CA8029C09ECE00AE5642 /* CryptoTableViewCell.swift */ = {isa = PBXFileReference; lastKnownFileType = sourcecode.swift; path = CryptoTableViewCell.swift; sourceTree = "<group>"; };
		6F88CA8629C0B2D700AE5642 /* CryptoCurrency.swift */ = {isa = PBXFileReference; lastKnownFileType = sourcecode.swift; path = CryptoCurrency.swift; sourceTree = "<group>"; };
		6F88CA8829C0BBD700AE5642 /* WebService.swift */ = {isa = PBXFileReference; lastKnownFileType = sourcecode.swift; path = WebService.swift; sourceTree = "<group>"; };
		6F88CA8A29C0BF4F00AE5642 /* CryptoViewModel.swift */ = {isa = PBXFileReference; lastKnownFileType = sourcecode.swift; path = CryptoViewModel.swift; sourceTree = "<group>"; };
/* End PBXFileReference section */

/* Begin PBXFrameworksBuildPhase section */
		6F88CA6629C0989900AE5642 /* Frameworks */ = {
			isa = PBXFrameworksBuildPhase;
			buildActionMask = 2147483647;
			files = (
			);
			runOnlyForDeploymentPostprocessing = 0;
		};
/* End PBXFrameworksBuildPhase section */

/* Begin PBXGroup section */
		6F88CA6029C0989900AE5642 = {
			isa = PBXGroup;
			children = (
				6F88CA6B29C0989900AE5642 /* CryptoCrazy */,
				6F88CA6A29C0989900AE5642 /* Products */,
			);
			sourceTree = "<group>";
		};
		6F88CA6A29C0989900AE5642 /* Products */ = {
			isa = PBXGroup;
			children = (
				6F88CA6929C0989900AE5642 /* CryptoCrazy.app */,
			);
			name = Products;
			sourceTree = "<group>";
		};
		6F88CA6B29C0989900AE5642 /* CryptoCrazy */ = {
			isa = PBXGroup;
			children = (
				6F88CA8529C0B2A400AE5642 /* WebService */,
				6F88CA8429C0B29D00AE5642 /* ViewModel */,
				6F88CA8329C0B29400AE5642 /* Model */,
				6F88CA8229C0B28600AE5642 /* View */,
				6F88CA7229C0989900AE5642 /* Main.storyboard */,
				6F88CA7529C0989B00AE5642 /* Assets.xcassets */,
				6F88CA7729C0989B00AE5642 /* LaunchScreen.storyboard */,
				6F88CA7A29C0989B00AE5642 /* Info.plist */,
			);
			path = CryptoCrazy;
			sourceTree = "<group>";
		};
		6F88CA8229C0B28600AE5642 /* View */ = {
			isa = PBXGroup;
			children = (
				6F88CA6C29C0989900AE5642 /* AppDelegate.swift */,
				6F88CA6E29C0989900AE5642 /* SceneDelegate.swift */,
				6F88CA7029C0989900AE5642 /* ViewController.swift */,
				6F88CA8029C09ECE00AE5642 /* CryptoTableViewCell.swift */,
			);
			path = View;
			sourceTree = "<group>";
		};
		6F88CA8329C0B29400AE5642 /* Model */ = {
			isa = PBXGroup;
			children = (
				6F88CA8629C0B2D700AE5642 /* CryptoCurrency.swift */,
			);
			path = Model;
			sourceTree = "<group>";
		};
		6F88CA8429C0B29D00AE5642 /* ViewModel */ = {
			isa = PBXGroup;
			children = (
				6F88CA8A29C0BF4F00AE5642 /* CryptoViewModel.swift */,
			);
			path = ViewModel;
			sourceTree = "<group>";
		};
		6F88CA8529C0B2A400AE5642 /* WebService */ = {
			isa = PBXGroup;
			children = (
				6F88CA8829C0BBD700AE5642 /* WebService.swift */,
			);
			path = WebService;
			sourceTree = "<group>";
		};
/* End PBXGroup section */

/* Begin PBXNativeTarget section */
		6F88CA6829C0989900AE5642 /* CryptoCrazy */ = {
			isa = PBXNativeTarget;
			buildConfigurationList = 6F88CA7D29C0989B00AE5642 /* Build configuration list for PBXNativeTarget "CryptoCrazy" */;
			buildPhases = (
				6F88CA6529C0989900AE5642 /* Sources */,
				6F88CA6629C0989900AE5642 /* Frameworks */,
				6F88CA6729C0989900AE5642 /* Resources */,
			);
			buildRules = (
			);
			dependencies = (
			);
			name = CryptoCrazy;
			productName = CryptoCrazy;
			productReference = 6F88CA6929C0989900AE5642 /* CryptoCrazy.app */;
			productType = "com.apple.product-type.application";
		};
/* End PBXNativeTarget section */

/* Begin PBXProject section */
		6F88CA6129C0989900AE5642 /* Project object */ = {
			isa = PBXProject;
			attributes = {
				BuildIndependentTargetsInParallel = 1;
				LastSwiftUpdateCheck = 1420;
				LastUpgradeCheck = 1420;
				TargetAttributes = {
					6F88CA6829C0989900AE5642 = {
						CreatedOnToolsVersion = 14.2;
					};
				};
			};
			buildConfigurationList = 6F88CA6429C0989900AE5642 /* Build configuration list for PBXProject "CryptoCrazy" */;
			compatibilityVersion = "Xcode 14.0";
			developmentRegion = en;
			hasScannedForEncodings = 0;
			knownRegions = (
				en,
				Base,
			);
			mainGroup = 6F88CA6029C0989900AE5642;
			productRefGroup = 6F88CA6A29C0989900AE5642 /* Products */;
			projectDirPath = "";
			projectRoot = "";
			targets = (
				6F88CA6829C0989900AE5642 /* CryptoCrazy */,
			);
		};
/* End PBXProject section */

/* Begin PBXResourcesBuildPhase section */
		6F88CA6729C0989900AE5642 /* Resources */ = {
			isa = PBXResourcesBuildPhase;
			buildActionMask = 2147483647;
			files = (
				6F88CA7929C0989B00AE5642 /* LaunchScreen.storyboard in Resources */,
				6F88CA7629C0989B00AE5642 /* Assets.xcassets in Resources */,
				6F88CA7429C0989900AE5642 /* Main.storyboard in Resources */,
			);
			runOnlyForDeploymentPostprocessing = 0;
		};
/* End PBXResourcesBuildPhase section */

/* Begin PBXSourcesBuildPhase section */
		6F88CA6529C0989900AE5642 /* Sources */ = {
			isa = PBXSourcesBuildPhase;
			buildActionMask = 2147483647;
			files = (
				6F88CA8929C0BBD700AE5642 /* WebService.swift in Sources */,
				6F88CA8129C09ECE00AE5642 /* CryptoTableViewCell.swift in Sources */,
				6F88CA7129C0989900AE5642 /* ViewController.swift in Sources */,
				6F88CA8B29C0BF4F00AE5642 /* CryptoViewModel.swift in Sources */,
				6F88CA6D29C0989900AE5642 /* AppDelegate.swift in Sources */,
				6F88CA8729C0B2D700AE5642 /* CryptoCurrency.swift in Sources */,
				6F88CA6F29C0989900AE5642 /* SceneDelegate.swift in Sources */,
			);
			runOnlyForDeploymentPostprocessing = 0;
		};
/* End PBXSourcesBuildPhase section */

/* Begin PBXVariantGroup section */
		6F88CA7229C0989900AE5642 /* Main.storyboard */ = {
			isa = PBXVariantGroup;
			children = (
				6F88CA7329C0989900AE5642 /* Base */,
			);
			name = Main.storyboard;
			sourceTree = "<group>";
		};
		6F88CA7729C0989B00AE5642 /* LaunchScreen.storyboard */ = {
			isa = PBXVariantGroup;
			children = (
				6F88CA7829C0989B00AE5642 /* Base */,
			);
			name = LaunchScreen.storyboard;
			sourceTree = "<group>";
		};
/* End PBXVariantGroup section */

/* Begin XCBuildConfiguration section */
		6F88CA7B29C0989B00AE5642 /* Debug */ = {
			isa = XCBuildConfiguration;
			buildSettings = {
				ALWAYS_SEARCH_USER_PATHS = NO;
				CLANG_ANALYZER_NONNULL = YES;
				CLANG_ANALYZER_NUMBER_OBJECT_CONVERSION = YES_AGGRESSIVE;
				CLANG_CXX_LANGUAGE_STANDARD = "gnu++20";
				CLANG_ENABLE_MODULES = YES;
				CLANG_ENABLE_OBJC_ARC = YES;
				CLANG_ENABLE_OBJC_WEAK = YES;
				CLANG_WARN_BLOCK_CAPTURE_AUTORELEASING = YES;
				CLANG_WARN_BOOL_CONVERSION = YES;
				CLANG_WARN_COMMA = YES;
				CLANG_WARN_CONSTANT_CONVERSION = YES;
				CLANG_WARN_DEPRECATED_OBJC_IMPLEMENTATIONS = YES;
				CLANG_WARN_DIRECT_OBJC_ISA_USAGE = YES_ERROR;
				CLANG_WARN_DOCUMENTATION_COMMENTS = YES;
				CLANG_WARN_EMPTY_BODY = YES;
				CLANG_WARN_ENUM_CONVERSION = YES;
				CLANG_WARN_INFINITE_RECURSION = YES;
				CLANG_WARN_INT_CONVERSION = YES;
				CLANG_WARN_NON_LITERAL_NULL_CONVERSION = YES;
				CLANG_WARN_OBJC_IMPLICIT_RETAIN_SELF = YES;
				CLANG_WARN_OBJC_LITERAL_CONVERSION = YES;
				CLANG_WARN_OBJC_ROOT_CLASS = YES_ERROR;
				CLANG_WARN_QUOTED_INCLUDE_IN_FRAMEWORK_HEADER = YES;
				CLANG_WARN_RANGE_LOOP_ANALYSIS = YES;
				CLANG_WARN_STRICT_PROTOTYPES = YES;
				CLANG_WARN_SUSPICIOUS_MOVE = YES;
				CLANG_WARN_UNGUARDED_AVAILABILITY = YES_AGGRESSIVE;
				CLANG_WARN_UNREACHABLE_CODE = YES;
				CLANG_WARN__DUPLICATE_METHOD_MATCH = YES;
				COPY_PHASE_STRIP = NO;
				DEBUG_INFORMATION_FORMAT = dwarf;
				ENABLE_STRICT_OBJC_MSGSEND = YES;
				ENABLE_TESTABILITY = YES;
				GCC_C_LANGUAGE_STANDARD = gnu11;
				GCC_DYNAMIC_NO_PIC = NO;
				GCC_NO_COMMON_BLOCKS = YES;
				GCC_OPTIMIZATION_LEVEL = 0;
				GCC_PREPROCESSOR_DEFINITIONS = (
					"DEBUG=1",
					"$(inherited)",
				);
				GCC_WARN_64_TO_32_BIT_CONVERSION = YES;
				GCC_WARN_ABOUT_RETURN_TYPE = YES_ERROR;
				GCC_WARN_UNDECLARED_SELECTOR = YES;
				GCC_WARN_UNINITIALIZED_AUTOS = YES_AGGRESSIVE;
				GCC_WARN_UNUSED_FUNCTION = YES;
				GCC_WARN_UNUSED_VARIABLE = YES;
				IPHONEOS_DEPLOYMENT_TARGET = 16.2;
				MTL_ENABLE_DEBUG_INFO = INCLUDE_SOURCE;
				MTL_FAST_MATH = YES;
				ONLY_ACTIVE_ARCH = YES;
				SDKROOT = iphoneos;
				SWIFT_ACTIVE_COMPILATION_CONDITIONS = DEBUG;
				SWIFT_OPTIMIZATION_LEVEL = "-Onone";
			};
			name = Debug;
		};
		6F88CA7C29C0989B00AE5642 /* Release */ = {
			isa = XCBuildConfiguration;
			buildSettings = {
				ALWAYS_SEARCH_USER_PATHS = NO;
				CLANG_ANALYZER_NONNULL = YES;
				CLANG_ANALYZER_NUMBER_OBJECT_CONVERSION = YES_AGGRESSIVE;
				CLANG_CXX_LANGUAGE_STANDARD = "gnu++20";
				CLANG_ENABLE_MODULES = YES;
				CLANG_ENABLE_OBJC_ARC = YES;
				CLANG_ENABLE_OBJC_WEAK = YES;
				CLANG_WARN_BLOCK_CAPTURE_AUTORELEASING = YES;
				CLANG_WARN_BOOL_CONVERSION = YES;
				CLANG_WARN_COMMA = YES;
				CLANG_WARN_CONSTANT_CONVERSION = YES;
				CLANG_WARN_DEPRECATED_OBJC_IMPLEMENTATIONS = YES;
				CLANG_WARN_DIRECT_OBJC_ISA_USAGE = YES_ERROR;
				CLANG_WARN_DOCUMENTATION_COMMENTS = YES;
				CLANG_WARN_EMPTY_BODY = YES;
				CLANG_WARN_ENUM_CONVERSION = YES;
				CLANG_WARN_INFINITE_RECURSION = YES;
				CLANG_WARN_INT_CONVERSION = YES;
				CLANG_WARN_NON_LITERAL_NULL_CONVERSION = YES;
				CLANG_WARN_OBJC_IMPLICIT_RETAIN_SELF = YES;
				CLANG_WARN_OBJC_LITERAL_CONVERSION = YES;
				CLANG_WARN_OBJC_ROOT_CLASS = YES_ERROR;
				CLANG_WARN_QUOTED_INCLUDE_IN_FRAMEWORK_HEADER = YES;
				CLANG_WARN_RANGE_LOOP_ANALYSIS = YES;
				CLANG_WARN_STRICT_PROTOTYPES = YES;
				CLANG_WARN_SUSPICIOUS_MOVE = YES;
				CLANG_WARN_UNGUARDED_AVAILABILITY = YES_AGGRESSIVE;
				CLANG_WARN_UNREACHABLE_CODE = YES;
				CLANG_WARN__DUPLICATE_METHOD_MATCH = YES;
				COPY_PHASE_STRIP = NO;
				DEBUG_INFORMATION_FORMAT = "dwarf-with-dsym";
				ENABLE_NS_ASSERTIONS = NO;
				ENABLE_STRICT_OBJC_MSGSEND = YES;
				GCC_C_LANGUAGE_STANDARD = gnu11;
				GCC_NO_COMMON_BLOCKS = YES;
				GCC_WARN_64_TO_32_BIT_CONVERSION = YES;
				GCC_WARN_ABOUT_RETURN_TYPE = YES_ERROR;
				GCC_WARN_UNDECLARED_SELECTOR = YES;
				GCC_WARN_UNINITIALIZED_AUTOS = YES_AGGRESSIVE;
				GCC_WARN_UNUSED_FUNCTION = YES;
				GCC_WARN_UNUSED_VARIABLE = YES;
				IPHONEOS_DEPLOYMENT_TARGET = 16.2;
				MTL_ENABLE_DEBUG_INFO = NO;
				MTL_FAST_MATH = YES;
				SDKROOT = iphoneos;
				SWIFT_COMPILATION_MODE = wholemodule;
				SWIFT_OPTIMIZATION_LEVEL = "-O";
				VALIDATE_PRODUCT = YES;
			};
			name = Release;
		};
		6F88CA7E29C0989B00AE5642 /* Debug */ = {
			isa = XCBuildConfiguration;
			buildSettings = {
				ASSETCATALOG_COMPILER_APPICON_NAME = AppIcon;
				ASSETCATALOG_COMPILER_GLOBAL_ACCENT_COLOR_NAME = AccentColor;
				CODE_SIGN_STYLE = Automatic;
				CURRENT_PROJECT_VERSION = 1;
				DEVELOPMENT_TEAM = C6BZF2R2MD;
				GENERATE_INFOPLIST_FILE = YES;
				INFOPLIST_FILE = CryptoCrazy/Info.plist;
				INFOPLIST_KEY_UIApplicationSupportsIndirectInputEvents = YES;
				INFOPLIST_KEY_UILaunchStoryboardName = LaunchScreen;
				INFOPLIST_KEY_UIMainStoryboardFile = Main;
				INFOPLIST_KEY_UISupportedInterfaceOrientations_iPad = "UIInterfaceOrientationPortrait UIInterfaceOrientationPortraitUpsideDown UIInterfaceOrientationLandscapeLeft UIInterfaceOrientationLandscapeRight";
				INFOPLIST_KEY_UISupportedInterfaceOrientations_iPhone = "UIInterfaceOrientationPortrait UIInterfaceOrientationLandscapeLeft UIInterfaceOrientationLandscapeRight";
				LD_RUNPATH_SEARCH_PATHS = (
					"$(inherited)",
					"@executable_path/Frameworks",
				);
				MARKETING_VERSION = 1.0;
				PRODUCT_BUNDLE_IDENTIFIER = com.ihsanburakafyonlu.CryptoCrazy;
				PRODUCT_NAME = "$(TARGET_NAME)";
				SWIFT_EMIT_LOC_STRINGS = YES;
				SWIFT_VERSION = 5.0;
				TARGETED_DEVICE_FAMILY = "1,2";
			};
			name = Debug;
		};
		6F88CA7F29C0989B00AE5642 /* Release */ = {
			isa = XCBuildConfiguration;
			buildSettings = {
				ASSETCATALOG_COMPILER_APPICON_NAME = AppIcon;
				ASSETCATALOG_COMPILER_GLOBAL_ACCENT_COLOR_NAME = AccentColor;
				CODE_SIGN_STYLE = Automatic;
				CURRENT_PROJECT_VERSION = 1;
				DEVELOPMENT_TEAM = C6BZF2R2MD;
				GENERATE_INFOPLIST_FILE = YES;
				INFOPLIST_FILE = CryptoCrazy/Info.plist;
				INFOPLIST_KEY_UIApplicationSupportsIndirectInputEvents = YES;
				INFOPLIST_KEY_UILaunchStoryboardName = LaunchScreen;
				INFOPLIST_KEY_UIMainStoryboardFile = Main;
				INFOPLIST_KEY_UISupportedInterfaceOrientations_iPad = "UIInterfaceOrientationPortrait UIInterfaceOrientationPortraitUpsideDown UIInterfaceOrientationLandscapeLeft UIInterfaceOrientationLandscapeRight";
				INFOPLIST_KEY_UISupportedInterfaceOrientations_iPhone = "UIInterfaceOrientationPortrait UIInterfaceOrientationLandscapeLeft UIInterfaceOrientationLandscapeRight";
				LD_RUNPATH_SEARCH_PATHS = (
					"$(inherited)",
					"@executable_path/Frameworks",
				);
				MARKETING_VERSION = 1.0;
				PRODUCT_BUNDLE_IDENTIFIER = com.ihsanburakafyonlu.CryptoCrazy;
				PRODUCT_NAME = "$(TARGET_NAME)";
				SWIFT_EMIT_LOC_STRINGS = YES;
				SWIFT_VERSION = 5.0;
				TARGETED_DEVICE_FAMILY = "1,2";
			};
			name = Release;
		};
/* End XCBuildConfiguration section */

/* Begin XCConfigurationList section */
		6F88CA6429C0989900AE5642 /* Build configuration list for PBXProject "CryptoCrazy" */ = {
			isa = XCConfigurationList;
			buildConfigurations = (
				6F88CA7B29C0989B00AE5642 /* Debug */,
				6F88CA7C29C0989B00AE5642 /* Release */,
			);
			defaultConfigurationIsVisible = 0;
			defaultConfigurationName = Release;
		};
		6F88CA7D29C0989B00AE5642 /* Build configuration list for PBXNativeTarget "CryptoCrazy" */ = {
			isa = XCConfigurationList;
			buildConfigurations = (
				6F88CA7E29C0989B00AE5642 /* Debug */,
				6F88CA7F29C0989B00AE5642 /* Release */,
			);
			defaultConfigurationIsVisible = 0;
			defaultConfigurationName = Release;
		};
/* End XCConfigurationList section */
	};
	rootObject = 6F88CA6129C0989900AE5642 /* Project object */;
}
